<Solution>
  <Folder Name="/Solution Items/">
    <File Path="to-do.txt" />
  </Folder>
  <Project Path="Varelager.ApiService/Varelager.ApiService.csproj" />
  <Project Path="Varelager.AppHost/Varelager.AppHost.csproj" />
  <Project Path="Varelager.ServiceDefaults/Varelager.ServiceDefaults.csproj" />
  <Project Path="Varelager.Web/Varelager.Web.csproj" />
</Solution>
